<?xml version="1.0" encoding="utf-8"?>
<Project ToolsVersion="4.0" xmlns="http://schemas.microsoft.com/developer/msbuild/2003">
  <ItemGroup>
    <Filter Include="Source Files">
      <UniqueIdentifier>{4FC737F1-C7A5-4376-A066-2A32D752A2FF}</UniqueIdentifier>
      <Extensions>cpp;c;cc;cxx;c++;cppm;ixx;def;odl;idl;hpj;bat;asm;asmx</Extensions>
    </Filter>
    <Filter Include="Header Files">
      <UniqueIdentifier>{93995380-89BD-4b04-88EB-625FBE52EBFB}</UniqueIdentifier>
      <Extensions>h;hh;hpp;hxx;h++;hm;inl;inc;ipp;xsd</Extensions>
    </Filter>
    <Filter Include="Resource Files">
      <UniqueIdentifier>{67DA6AB6-F800-4c08-8B7A-83BB121AAD01}</UniqueIdentifier>
      <Extensions>rc;ico;cur;bmp;dlg;rc2;rct;bin;rgs;gif;jpg;jpeg;jpe;resx;tiff;tif;png;wav;mfcribbon-ms</Extensions>
    </Filter>
  </ItemGroup>
  <ItemGroup>
    <ClInclude Include="framework.h">
      <Filter>Header Files</Filter>
    </ClInclude>
    <ClInclude Include="pch.h">
      <Filter>Header Files</Filter>
    </ClInclude>
    <ClInclude Include="AIBase\AIActorBase.h">
      <Filter>Header Files</Filter>
    </ClInclude>
    <ClInclude Include="Actions\AIAction.h">
      <Filter>Header Files</Filter>
    </ClInclude>
    <ClInclude Include="Actions\AIActionSubReasoner.h">
      <Filter>Header Files</Filter>
    </ClInclude>
    <ClInclude Include="AIBase\AIActionBase.h">
      <Filter>Header Files</Filter>
    </ClInclude>
    <ClInclude Include="AIBase\AIBrainBlackboardBase.h">
      <Filter>Header Files</Filter>
    </ClInclude>
    <ClInclude Include="AIBase\AIConsiderationBase.h">
      <Filter>Header Files</Filter>
    </ClInclude>
    <ClInclude Include="AIBase\AIConstructorBase.h">
      <Filter>Header Files</Filter>
    </ClInclude>
    <ClInclude Include="AIBase\AIOptionBase.h">
      <Filter>Header Files</Filter>
    </ClInclude>
    <ClInclude Include="AIBase\AIReasonerBase.h">
      <Filter>Header Files</Filter>
    </ClInclude>
    <ClInclude Include="AIBase\AIStatus.h">
      <Filter>Header Files</Filter>
    </ClInclude>
    <ClInclude Include="BrainComponents\AIBrainBlackboard.h">
      <Filter>Header Files</Filter>
    </ClInclude>
    <ClInclude Include="Considerations\AIConsideration.h">
      <Filter>Header Files</Filter>
    </ClInclude>
    <ClInclude Include="Global\AIBlackboard_Global.h">
      <Filter>Header Files</Filter>
    </ClInclude>
    <ClInclude Include="Global\AILogger_Global.h">
      <Filter>Header Files</Filter>
    </ClInclude>
    <ClInclude Include="Global\AIRandom_Global.h">
      <Filter>Header Files</Filter>
    </ClInclude>
    <ClInclude Include="Options\AIOption.h">
      <Filter>Header Files</Filter>
    </ClInclude>
    <ClInclude Include="AIBase\AIBrainBase.h">
      <Filter>Header Files</Filter>
    </ClInclude>
    <ClInclude Include="Global\AIMath_Global.h">
      <Filter>Header Files</Filter>
    </ClInclude>
  </ItemGroup>
  <ItemGroup>
    <ClCompile Include="AI_Framework.cpp">
      <Filter>Source Files</Filter>
    </ClCompile>
    <ClCompile Include="pch.cpp">
      <Filter>Source Files</Filter>
    </ClCompile>
    <ClCompile Include="AIBase\AIActorBase.cpp">
      <Filter>Source Files</Filter>
    </ClCompile>
    <ClCompile Include="Actions\AIAction.cpp">
      <Filter>Source Files</Filter>
    </ClCompile>
    <ClCompile Include="Actions\AIActionSubReasoner.cpp">
      <Filter>Source Files</Filter>
    </ClCompile>
    <ClCompile Include="AIBase\AIActionBase.cpp">
      <Filter>Source Files</Filter>
    </ClCompile>
    <ClCompile Include="AIBase\AIBrainBlackboardBase.cpp">
      <Filter>Source Files</Filter>
    </ClCompile>
    <ClCompile Include="AIBase\AIConsiderationBase.cpp">
      <Filter>Source Files</Filter>
    </ClCompile>
    <ClCompile Include="AIBase\AIConstructorBase.cpp">
      <Filter>Source Files</Filter>
    </ClCompile>
    <ClCompile Include="AIBase\AIOptionBase.cpp">
      <Filter>Source Files</Filter>
    </ClCompile>
    <ClCompile Include="AIBase\AIReasonerBase.cpp">
      <Filter>Source Files</Filter>
    </ClCompile>
    <ClCompile Include="BrainComponents\AIBrainBlackboard.cpp">
      <Filter>Source Files</Filter>
    </ClCompile>
    <ClCompile Include="Considerations\AIConsideration.cpp">
      <Filter>Source Files</Filter>
    </ClCompile>
    <ClCompile Include="Global\AIBlackboard_Global.cpp">
      <Filter>Source Files</Filter>
    </ClCompile>
    <ClCompile Include="Global\AILogger_Global.cpp">
      <Filter>Source Files</Filter>
    </ClCompile>
    <ClCompile Include="Global\AIRandom_Global.cpp">
      <Filter>Source Files</Filter>
    </ClCompile>
    <ClCompile Include="Options\AIOption.cpp">
      <Filter>Source Files</Filter>
    </ClCompile>
    <ClCompile Include="AIBase\AIBrainBase.cpp">
      <Filter>Source Files</Filter>
    </ClCompile>
    <ClCompile Include="Global\AIMath_Global.cpp">
      <Filter>Source Files</Filter>
    </ClCompile>
  </ItemGroup>
</Project>